
Microsoft Visual Studio Solution File, Format Version 12.00
# Visual Studio Version 17
VisualStudioVersion = 17.4.33122.133
MinimumVisualStudioVersion = 10.0.40219.1
Project("{FAE04EC0-301F-11D3-BF4B-00C04F79EFBC}") = "Api", "Api\Api.csproj", "{3976CADF-FAB6-4DC4-9495-779DD93300B9}"
EndProject
Global
	GlobalSection(SolutionConfigurationPlatforms) = preSolution
		Debug|Any CPU = Debug|Any CPU
		Release|Any CPU = Release|Any CPU
	EndGlobalSection
	GlobalSection(ProjectConfigurationPlatforms) = postSolution
		{3976CADF-FAB6-4DC4-9495-779DD93300B9}.Debug|Any CPU.ActiveCfg = Debug|Any CPU
		{3976CADF-FAB6-4DC4-9495-779DD93300B9}.Debug|Any CPU.Build.0 = Debug|Any CPU
		{3976CADF-FAB6-4DC4-9495-779DD93300B9}.Release|Any CPU.ActiveCfg = Release|Any CPU
		{3976CADF-FAB6-4DC4-9495-779DD93300B9}.Release|Any CPU.Build.0 = Release|Any CPU
	EndGlobalSection
	GlobalSection(SolutionProperties) = preSolution
		HideSolutionNode = FALSE
	EndGlobalSection
	GlobalSection(ExtensibilityGlobals) = postSolution
		SolutionGuid = {3E46A99C-360C-48A0-86CB-1493EA4F9A70}
	EndGlobalSection
EndGlobal
